Microsoft Visual Studio Solution File, Format Version 11.00
# Visual Studio 2008

Project("{DD60E95A-8336-94F4-13E9-5168D55B5496}") = "lilturnie", "Assembly-CSharp.csproj", "{F2D08264-65B2-18AD-C764-3DFCDA0148AD}"
EndProject
Project("{DD60E95A-8336-94F4-13E9-5168D55B5496}") = "lilturnie", "Assembly-CSharp-Editor.csproj", "{2262CF75-078D-FD6B-8ED1-F267F2E66A97}"
EndProject
Global
	GlobalSection(SolutionConfigurationPlatforms) = preSolution
		Debug|Any CPU = Debug|Any CPU
		Release|Any CPU = Release|Any CPU
	EndGlobalSection
	GlobalSection(ProjectConfigurationPlatforms) = postSolution
		{F2D08264-65B2-18AD-C764-3DFCDA0148AD}.Debug|Any CPU.ActiveCfg = Debug|Any CPU
		{F2D08264-65B2-18AD-C764-3DFCDA0148AD}.Debug|Any CPU.Build.0 = Debug|Any CPU
		{F2D08264-65B2-18AD-C764-3DFCDA0148AD}.Release|Any CPU.ActiveCfg = Release|Any CPU
		{F2D08264-65B2-18AD-C764-3DFCDA0148AD}.Release|Any CPU.Build.0 = Release|Any CPU
		{2262CF75-078D-FD6B-8ED1-F267F2E66A97}.Debug|Any CPU.ActiveCfg = Debug|Any CPU
		{2262CF75-078D-FD6B-8ED1-F267F2E66A97}.Debug|Any CPU.Build.0 = Debug|Any CPU
		{2262CF75-078D-FD6B-8ED1-F267F2E66A97}.Release|Any CPU.ActiveCfg = Release|Any CPU
		{2262CF75-078D-FD6B-8ED1-F267F2E66A97}.Release|Any CPU.Build.0 = Release|Any CPU
	EndGlobalSection
	GlobalSection(SolutionProperties) = preSolution
		HideSolutionNode = FALSE
	EndGlobalSection
	GlobalSection(MonoDevelopProperties) = preSolution
		StartupItem = Assembly-CSharp.csproj
	EndGlobalSection
EndGlobal
